dependencies:
- name: postgresql
  repository: https://kubernetes-charts.storage.googleapis.com
  version: 3.1.4
- name: java
  repository: https://hmcts.azurecr.io/helm/v1/repo
  version: 1.1.2
digest: sha256:15a1e953a25e0deeaa89b79497c83bb5d10fc6575c06854f2c9a764e869878c1
generated: 2019-03-22T11:55:40.036517Z
